{
  "name": "nihoi",
  "lockfileVersion": 3,
  "requires": true,
  "packages": {
    "": {
      "devDependencies": {
        "tailwindcss-rtl": "^0.9.0"
      }
    },
    "node_modules/tailwindcss-rtl": {
      "version": "0.9.0",
      "resolved": "https://registry.npmjs.org/tailwindcss-rtl/-/tailwindcss-rtl-0.9.0.tgz",
      "integrity": "sha512-y7yC8QXjluDBEFMSX33tV6xMYrf0B3sa+tOB5JSQb6/G6laBU313a+Z+qxu55M1Qyn8tDMttjomsA8IsJD+k+w==",
      "dev": true
    }
  }
}
